<?xml version="1.0"?>
<CONFIG>
  <ProjectOptions>
    <PathDelim Value="\"/>
    <Version Value="7"/>
    <General>
      <Flags>
        <MainUnitHasUsesSectionForAllUnits Value="False"/>
        <MainUnitHasCreateFormStatements Value="False"/>
        <MainUnitHasTitleStatement Value="False"/>
        <AlwaysBuild Value="False"/>
      </Flags>
      <MainUnit Value="0"/>
      <TargetFileExt Value=".exe"/>
      <Icon Value="0"/>
      <UseXPManifest Value="True"/>
      <ActiveEditorIndexAtStart Value="1"/>
    </General>
    <VersionInfo>
      <ProjectVersion Value=""/>
    </VersionInfo>
    <PublishOptions>
      <Version Value="2"/>
      <IgnoreBinaries Value="False"/>
      <IncludeFileFilter Value="*.(pas|pp|inc|lfm|lpr|lrs|lpi|lpk|sh|xml)"/>
      <ExcludeFileFilter Value="*.(bak|ppu|ppw|o|so);*~;backup"/>
    </PublishOptions>
    <RunParams>
      <local>
        <FormatVersion Value="1"/>
        <LaunchingApplication PathPlusParams="/usr/X11R6/bin/xterm -T 'Lazarus Run Output' -e $(LazarusDir)/tools/runwait.sh $(TargetCmdLine)"/>
      </local>
    </RunParams>
    <RequiredPackages Count="1">
      <Item1>
        <PackageName Value="LCL"/>
        <MinVersion Major="1" Valid="True"/>
      </Item1>
    </RequiredPackages>
    <Units Count="14">
      <Unit0>
        <Filename Value="pointpacking.pas"/>
        <IsPartOfProject Value="True"/>
        <UnitName Value="pointpacking"/>
        <CursorPos X="70" Y="7"/>
        <TopLine Value="1"/>
        <EditorIndex Value="0"/>
        <UsageCount Value="113"/>
        <Loaded Value="True"/>
      </Unit0>
      <Unit1>
        <Filename Value="..\..\..\components\pascal\data\bbutils.pas"/>
        <UnitName Value="bbutils"/>
        <CursorPos X="11" Y="36"/>
        <TopLine Value="34"/>
        <UsageCount Value="20"/>
      </Unit1>
      <Unit2>
        <Filename Value="P:\programming\lazarus\fpc\2.2.4\source\rtl\win32\classes.pp"/>
        <UnitName Value="Classes"/>
        <CursorPos X="56" Y="22"/>
        <TopLine Value="1"/>
        <UsageCount Value="29"/>
      </Unit2>
      <Unit3>
        <Filename Value="P:\programming\lazarus\fpc\2.2.4\source\rtl\objpas\fgl.pp"/>
        <UnitName Value="fgl"/>
        <CursorPos X="50" Y="1025"/>
        <TopLine Value="1004"/>
        <UsageCount Value="5"/>
      </Unit3>
      <Unit4>
        <Filename Value="..\..\..\components\lazarus\bbutilsgeometry.pas"/>
        <IsPartOfProject Value="True"/>
        <UnitName Value="bbutilsgeometry"/>
        <CursorPos X="1" Y="113"/>
        <TopLine Value="100"/>
        <EditorIndex Value="4"/>
        <UsageCount Value="113"/>
        <Bookmarks Count="1">
          <Item0 X="22" Y="352" ID="8"/>
        </Bookmarks>
        <Loaded Value="True"/>
      </Unit4>
      <Unit5>
        <Filename Value="P:\programming\lazarus\fpc\2.2.4\source\rtl\inc\matrix.pp"/>
        <UnitName Value="matrix"/>
        <CursorPos X="1" Y="222"/>
        <TopLine Value="222"/>
        <EditorIndex Value="7"/>
        <UsageCount Value="54"/>
        <Loaded Value="True"/>
      </Unit5>
      <Unit6>
        <Filename Value="P:\programming\lazarus\fpc\2.2.4\source\rtl\objpas\classes\classesh.inc"/>
        <CursorPos X="15" Y="207"/>
        <TopLine Value="194"/>
        <EditorIndex Value="6"/>
        <UsageCount Value="54"/>
        <Loaded Value="True"/>
      </Unit6>
      <Unit7>
        <Filename Value="P:\programming\lazarus\fpc\2.2.4\source\rtl\objpas\classes\lists.inc"/>
        <CursorPos X="11" Y="247"/>
        <TopLine Value="245"/>
        <UsageCount Value="0"/>
      </Unit7>
      <Unit8>
        <Filename Value="P:\programming\lazarus\fpc\2.2.4\source\rtl\inc\heaph.inc"/>
        <CursorPos X="10" Y="94"/>
        <TopLine Value="79"/>
        <UsageCount Value="5"/>
      </Unit8>
      <Unit9>
        <Filename Value="P:\programming\lazarus\fpc\2.2.4\source\rtl\objpas\objpas.pp"/>
        <UnitName Value="objpas"/>
        <CursorPos X="8" Y="36"/>
        <TopLine Value="23"/>
        <UsageCount Value="2"/>
      </Unit9>
      <Unit10>
        <Filename Value="pointpacking_form.pas"/>
        <IsPartOfProject Value="True"/>
        <ComponentName Value="Form1"/>
        <ResourceBaseClass Value="Form"/>
        <UnitName Value="pointpacking_form"/>
        <CursorPos X="41" Y="1052"/>
        <TopLine Value="1031"/>
        <EditorIndex Value="1"/>
        <UsageCount Value="95"/>
        <Bookmarks Count="4">
          <Item0 X="1" Y="749" ID="1"/>
          <Item1 X="35" Y="1046" ID="2"/>
          <Item2 X="11" Y="1134" ID="3"/>
          <Item3 X="20" Y="1069" ID="4"/>
        </Bookmarks>
        <Loaded Value="True"/>
      </Unit10>
      <Unit11>
        <Filename Value="P:\programming\lazarus\fpc\2.2.4\source\rtl\objpas\math.pp"/>
        <UnitName Value="math"/>
        <CursorPos X="1" Y="131"/>
        <TopLine Value="108"/>
        <EditorIndex Value="5"/>
        <UsageCount Value="44"/>
        <Loaded Value="True"/>
      </Unit11>
      <Unit12>
        <Filename Value="pointpacking.solutions.txt"/>
        <CursorPos X="31" Y="13"/>
        <TopLine Value="1"/>
        <EditorIndex Value="3"/>
        <UsageCount Value="68"/>
        <Loaded Value="True"/>
        <SyntaxHighlighter Value="None"/>
      </Unit12>
      <Unit13>
        <Filename Value="P:\programming\lazarus\lcl\include\control.inc"/>
        <CursorPos X="23" Y="2268"/>
        <TopLine Value="2253"/>
        <EditorIndex Value="2"/>
        <UsageCount Value="10"/>
        <Loaded Value="True"/>
      </Unit13>
    </Units>
    <JumpHistory Count="30" HistoryIndex="29">
      <Position1>
        <Filename Value="pointpacking_form.pas"/>
        <Caret Line="1042" Column="32" TopLine="1030"/>
      </Position1>
      <Position2>
        <Filename Value="pointpacking_form.pas"/>
        <Caret Line="1043" Column="1" TopLine="1031"/>
      </Position2>
      <Position3>
        <Filename Value="pointpacking_form.pas"/>
        <Caret Line="1044" Column="1" TopLine="1032"/>
      </Position3>
      <Position4>
        <Filename Value="pointpacking_form.pas"/>
        <Caret Line="1054" Column="13" TopLine="1033"/>
      </Position4>
      <Position5>
        <Filename Value="pointpacking_form.pas"/>
        <Caret Line="1042" Column="1" TopLine="1030"/>
      </Position5>
      <Position6>
        <Filename Value="pointpacking_form.pas"/>
        <Caret Line="1047" Column="38" TopLine="1036"/>
      </Position6>
      <Position7>
        <Filename Value="pointpacking_form.pas"/>
        <Caret Line="1049" Column="1" TopLine="1037"/>
      </Position7>
      <Position8>
        <Filename Value="pointpacking_form.pas"/>
        <Caret Line="1050" Column="1" TopLine="1038"/>
      </Position8>
      <Position9>
        <Filename Value="pointpacking_form.pas"/>
        <Caret Line="1051" Column="1" TopLine="1039"/>
      </Position9>
      <Position10>
        <Filename Value="pointpacking_form.pas"/>
        <Caret Line="1143" Column="1" TopLine="1131"/>
      </Position10>
      <Position11>
        <Filename Value="pointpacking_form.pas"/>
        <Caret Line="1146" Column="23" TopLine="1132"/>
      </Position11>
      <Position12>
        <Filename Value="pointpacking_form.pas"/>
        <Caret Line="1048" Column="1" TopLine="1036"/>
      </Position12>
      <Position13>
        <Filename Value="pointpacking_form.pas"/>
        <Caret Line="1042" Column="40" TopLine="1030"/>
      </Position13>
      <Position14>
        <Filename Value="pointpacking_form.pas"/>
        <Caret Line="1043" Column="1" TopLine="1031"/>
      </Position14>
      <Position15>
        <Filename Value="pointpacking_form.pas"/>
        <Caret Line="1044" Column="1" TopLine="1032"/>
      </Position15>
      <Position16>
        <Filename Value="pointpacking_form.pas"/>
        <Caret Line="1049" Column="1" TopLine="1037"/>
      </Position16>
      <Position17>
        <Filename Value="pointpacking_form.pas"/>
        <Caret Line="1050" Column="1" TopLine="1038"/>
      </Position17>
      <Position18>
        <Filename Value="pointpacking_form.pas"/>
        <Caret Line="1051" Column="1" TopLine="1039"/>
      </Position18>
      <Position19>
        <Filename Value="pointpacking_form.pas"/>
        <Caret Line="1143" Column="1" TopLine="1131"/>
      </Position19>
      <Position20>
        <Filename Value="pointpacking_form.pas"/>
        <Caret Line="1049" Column="1" TopLine="1037"/>
      </Position20>
      <Position21>
        <Filename Value="pointpacking_form.pas"/>
        <Caret Line="1050" Column="1" TopLine="1038"/>
      </Position21>
      <Position22>
        <Filename Value="pointpacking_form.pas"/>
        <Caret Line="1049" Column="1" TopLine="1037"/>
      </Position22>
      <Position23>
        <Filename Value="pointpacking_form.pas"/>
        <Caret Line="1042" Column="1" TopLine="1030"/>
      </Position23>
      <Position24>
        <Filename Value="pointpacking_form.pas"/>
        <Caret Line="1054" Column="1" TopLine="1042"/>
      </Position24>
      <Position25>
        <Filename Value="pointpacking_form.pas"/>
        <Caret Line="1137" Column="1" TopLine="1125"/>
      </Position25>
      <Position26>
        <Filename Value="pointpacking_form.pas"/>
        <Caret Line="1145" Column="1" TopLine="1133"/>
      </Position26>
      <Position27>
        <Filename Value="pointpacking_form.pas"/>
        <Caret Line="1054" Column="1" TopLine="1042"/>
      </Position27>
      <Position28>
        <Filename Value="pointpacking_form.pas"/>
        <Caret Line="1137" Column="1" TopLine="1125"/>
      </Position28>
      <Position29>
        <Filename Value="pointpacking_form.pas"/>
        <Caret Line="1145" Column="1" TopLine="1133"/>
      </Position29>
      <Position30>
        <Filename Value="pointpacking_form.pas"/>
        <Caret Line="1140" Column="1" TopLine="1128"/>
      </Position30>
    </JumpHistory>
  </ProjectOptions>
  <CompilerOptions>
    <Version Value="8"/>
    <PathDelim Value="\"/>
    <SearchPaths>
      <IncludeFiles Value="$(ProjOutDir)\"/>
      <OtherUnitFiles Value="U:\components\pascal\data\;U:\components\pascal\internet\;U:\components\pascal\import\regexpr\Source\;U:\components\pascal\system\;U:\components\lazarus\"/>
    </SearchPaths>
    <Parsing>
      <SyntaxOptions>
        <CStyleOperator Value="False"/>
      </SyntaxOptions>
    </Parsing>
    <CodeGeneration>
      <Optimizations>
        <OptimizationLevel Value="0"/>
      </Optimizations>
    </CodeGeneration>
    <Other>
      <CompilerPath Value="$(CompPath)"/>
    </Other>
  </CompilerOptions>
  <Debugging>
    <Exceptions Count="3">
      <Item1>
        <Name Value="EAbort"/>
      </Item1>
      <Item2>
        <Name Value="ECodetoolError"/>
      </Item2>
      <Item3>
        <Name Value="EFOpenError"/>
      </Item3>
    </Exceptions>
  </Debugging>
</CONFIG>
